// !$*UTF8*$!
{
	archiveVersion = 1;
	classes = {
	};
	objectVersion = 56;
	objects = {

/* Begin PBXBuildFile section */
		7B97EC1D2C5B672800947186 /* SwiftUIBootcampApp.swift in Sources */ = {isa = PBXBuildFile; fileRef = 7B97EC1C2C5B672800947186 /* SwiftUIBootcampApp.swift */; };
		7B97EC1F2C5B672800947186 /* ContentView.swift in Sources */ = {isa = PBXBuildFile; fileRef = 7B97EC1E2C5B672800947186 /* ContentView.swift */; };
		7B97EC212C5B672900947186 /* Assets.xcassets in Resources */ = {isa = PBXBuildFile; fileRef = 7B97EC202C5B672900947186 /* Assets.xcassets */; };
		7B97EC242C5B672900947186 /* Preview Assets.xcassets in Resources */ = {isa = PBXBuildFile; fileRef = 7B97EC232C5B672900947186 /* Preview Assets.xcassets */; };
		7B97EC2E2C5B672900947186 /* SwiftUIBootcampTests.swift in Sources */ = {isa = PBXBuildFile; fileRef = 7B97EC2D2C5B672900947186 /* SwiftUIBootcampTests.swift */; };
		7B97EC382C5B672900947186 /* SwiftUIBootcampUITests.swift in Sources */ = {isa = PBXBuildFile; fileRef = 7B97EC372C5B672900947186 /* SwiftUIBootcampUITests.swift */; };
		7B97EC3A2C5B672900947186 /* SwiftUIBootcampUITestsLaunchTests.swift in Sources */ = {isa = PBXBuildFile; fileRef = 7B97EC392C5B672900947186 /* SwiftUIBootcampUITestsLaunchTests.swift */; };
		7B97EC472C5B676300947186 /* TextBootcamp.swift in Sources */ = {isa = PBXBuildFile; fileRef = 7B97EC462C5B676300947186 /* TextBootcamp.swift */; };
		7B97EC492C5B699B00947186 /* ShapesBootcamp.swift in Sources */ = {isa = PBXBuildFile; fileRef = 7B97EC482C5B699B00947186 /* ShapesBootcamp.swift */; };
		7B97EC4B2C5B6C4300947186 /* ColorsBootcamp.swift in Sources */ = {isa = PBXBuildFile; fileRef = 7B97EC4A2C5B6C4300947186 /* ColorsBootcamp.swift */; };
		7B97EC4D2C5B761E00947186 /* GradientsBootcamp.swift in Sources */ = {isa = PBXBuildFile; fileRef = 7B97EC4C2C5B761E00947186 /* GradientsBootcamp.swift */; };
		7B97EC4F2C5B7A3E00947186 /* IconsBootcamp.swift in Sources */ = {isa = PBXBuildFile; fileRef = 7B97EC4E2C5B7A3E00947186 /* IconsBootcamp.swift */; };
		7B97EC512C5B7BDC00947186 /* ImageBootcamp.swift in Sources */ = {isa = PBXBuildFile; fileRef = 7B97EC502C5B7BDC00947186 /* ImageBootcamp.swift */; };
		7B97EC532C5B846600947186 /* FrameBootcamp.swift in Sources */ = {isa = PBXBuildFile; fileRef = 7B97EC522C5B846600947186 /* FrameBootcamp.swift */; };
		7B97EC552C5B872900947186 /* BackgroundAndOverlayBootcamp.swift in Sources */ = {isa = PBXBuildFile; fileRef = 7B97EC542C5B872900947186 /* BackgroundAndOverlayBootcamp.swift */; };
		7B97EC572C5BA17C00947186 /* StacksBootcamp.swift in Sources */ = {isa = PBXBuildFile; fileRef = 7B97EC562C5BA17C00947186 /* StacksBootcamp.swift */; };
		7B97EC592C5BA91000947186 /* InitializerBootcamp.swift in Sources */ = {isa = PBXBuildFile; fileRef = 7B97EC582C5BA91000947186 /* InitializerBootcamp.swift */; };
		7B97EC5B2C5BB43A00947186 /* ForEachBootcamp.swift in Sources */ = {isa = PBXBuildFile; fileRef = 7B97EC5A2C5BB43A00947186 /* ForEachBootcamp.swift */; };
		7B97EC5D2C5BC3EF00947186 /* ScrollViewBootcamp.swift in Sources */ = {isa = PBXBuildFile; fileRef = 7B97EC5C2C5BC3EF00947186 /* ScrollViewBootcamp.swift */; };
		7B97EC5F2C5BC79A00947186 /* GridBootcamp.swift in Sources */ = {isa = PBXBuildFile; fileRef = 7B97EC5E2C5BC79A00947186 /* GridBootcamp.swift */; };
/* End PBXBuildFile section */

/* Begin PBXContainerItemProxy section */
		7B97EC2A2C5B672900947186 /* PBXContainerItemProxy */ = {
			isa = PBXContainerItemProxy;
			containerPortal = 7B97EC112C5B672800947186 /* Project object */;
			proxyType = 1;
			remoteGlobalIDString = 7B97EC182C5B672800947186;
			remoteInfo = SwiftUIBootcamp;
		};
		7B97EC342C5B672900947186 /* PBXContainerItemProxy */ = {
			isa = PBXContainerItemProxy;
			containerPortal = 7B97EC112C5B672800947186 /* Project object */;
			proxyType = 1;
			remoteGlobalIDString = 7B97EC182C5B672800947186;
			remoteInfo = SwiftUIBootcamp;
		};
/* End PBXContainerItemProxy section */

/* Begin PBXFileReference section */
		7B97EC192C5B672800947186 /* SwiftUIBootcamp.app */ = {isa = PBXFileReference; explicitFileType = wrapper.application; includeInIndex = 0; path = SwiftUIBootcamp.app; sourceTree = BUILT_PRODUCTS_DIR; };
		7B97EC1C2C5B672800947186 /* SwiftUIBootcampApp.swift */ = {isa = PBXFileReference; lastKnownFileType = sourcecode.swift; path = SwiftUIBootcampApp.swift; sourceTree = "<group>"; };
		7B97EC1E2C5B672800947186 /* ContentView.swift */ = {isa = PBXFileReference; lastKnownFileType = sourcecode.swift; path = ContentView.swift; sourceTree = "<group>"; };
		7B97EC202C5B672900947186 /* Assets.xcassets */ = {isa = PBXFileReference; lastKnownFileType = folder.assetcatalog; path = Assets.xcassets; sourceTree = "<group>"; };
		7B97EC232C5B672900947186 /* Preview Assets.xcassets */ = {isa = PBXFileReference; lastKnownFileType = folder.assetcatalog; path = "Preview Assets.xcassets"; sourceTree = "<group>"; };
		7B97EC292C5B672900947186 /* SwiftUIBootcampTests.xctest */ = {isa = PBXFileReference; explicitFileType = wrapper.cfbundle; includeInIndex = 0; path = SwiftUIBootcampTests.xctest; sourceTree = BUILT_PRODUCTS_DIR; };
		7B97EC2D2C5B672900947186 /* SwiftUIBootcampTests.swift */ = {isa = PBXFileReference; lastKnownFileType = sourcecode.swift; path = SwiftUIBootcampTests.swift; sourceTree = "<group>"; };
		7B97EC332C5B672900947186 /* SwiftUIBootcampUITests.xctest */ = {isa = PBXFileReference; explicitFileType = wrapper.cfbundle; includeInIndex = 0; path = SwiftUIBootcampUITests.xctest; sourceTree = BUILT_PRODUCTS_DIR; };
		7B97EC372C5B672900947186 /* SwiftUIBootcampUITests.swift */ = {isa = PBXFileReference; lastKnownFileType = sourcecode.swift; path = SwiftUIBootcampUITests.swift; sourceTree = "<group>"; };
		7B97EC392C5B672900947186 /* SwiftUIBootcampUITestsLaunchTests.swift */ = {isa = PBXFileReference; lastKnownFileType = sourcecode.swift; path = SwiftUIBootcampUITestsLaunchTests.swift; sourceTree = "<group>"; };
		7B97EC462C5B676300947186 /* TextBootcamp.swift */ = {isa = PBXFileReference; lastKnownFileType = sourcecode.swift; path = TextBootcamp.swift; sourceTree = "<group>"; };
		7B97EC482C5B699B00947186 /* ShapesBootcamp.swift */ = {isa = PBXFileReference; lastKnownFileType = sourcecode.swift; path = ShapesBootcamp.swift; sourceTree = "<group>"; };
		7B97EC4A2C5B6C4300947186 /* ColorsBootcamp.swift */ = {isa = PBXFileReference; lastKnownFileType = sourcecode.swift; path = ColorsBootcamp.swift; sourceTree = "<group>"; };
		7B97EC4C2C5B761E00947186 /* GradientsBootcamp.swift */ = {isa = PBXFileReference; lastKnownFileType = sourcecode.swift; path = GradientsBootcamp.swift; sourceTree = "<group>"; };
		7B97EC4E2C5B7A3E00947186 /* IconsBootcamp.swift */ = {isa = PBXFileReference; lastKnownFileType = sourcecode.swift; path = IconsBootcamp.swift; sourceTree = "<group>"; };
		7B97EC502C5B7BDC00947186 /* ImageBootcamp.swift */ = {isa = PBXFileReference; lastKnownFileType = sourcecode.swift; path = ImageBootcamp.swift; sourceTree = "<group>"; };
		7B97EC522C5B846600947186 /* FrameBootcamp.swift */ = {isa = PBXFileReference; lastKnownFileType = sourcecode.swift; path = FrameBootcamp.swift; sourceTree = "<group>"; };
		7B97EC542C5B872900947186 /* BackgroundAndOverlayBootcamp.swift */ = {isa = PBXFileReference; lastKnownFileType = sourcecode.swift; path = BackgroundAndOverlayBootcamp.swift; sourceTree = "<group>"; };
		7B97EC562C5BA17C00947186 /* StacksBootcamp.swift */ = {isa = PBXFileReference; lastKnownFileType = sourcecode.swift; path = StacksBootcamp.swift; sourceTree = "<group>"; };
		7B97EC582C5BA91000947186 /* InitializerBootcamp.swift */ = {isa = PBXFileReference; lastKnownFileType = sourcecode.swift; path = InitializerBootcamp.swift; sourceTree = "<group>"; };
		7B97EC5A2C5BB43A00947186 /* ForEachBootcamp.swift */ = {isa = PBXFileReference; lastKnownFileType = sourcecode.swift; path = ForEachBootcamp.swift; sourceTree = "<group>"; };
		7B97EC5C2C5BC3EF00947186 /* ScrollViewBootcamp.swift */ = {isa = PBXFileReference; lastKnownFileType = sourcecode.swift; path = ScrollViewBootcamp.swift; sourceTree = "<group>"; };
		7B97EC5E2C5BC79A00947186 /* GridBootcamp.swift */ = {isa = PBXFileReference; lastKnownFileType = sourcecode.swift; path = GridBootcamp.swift; sourceTree = "<group>"; };
/* End PBXFileReference section */

/* Begin PBXFrameworksBuildPhase section */
		7B97EC162C5B672800947186 /* Frameworks */ = {
			isa = PBXFrameworksBuildPhase;
			buildActionMask = 2147483647;
			files = (
			);
			runOnlyForDeploymentPostprocessing = 0;
		};
		7B97EC262C5B672900947186 /* Frameworks */ = {
			isa = PBXFrameworksBuildPhase;
			buildActionMask = 2147483647;
			files = (
			);
			runOnlyForDeploymentPostprocessing = 0;
		};
		7B97EC302C5B672900947186 /* Frameworks */ = {
			isa = PBXFrameworksBuildPhase;
			buildActionMask = 2147483647;
			files = (
			);
			runOnlyForDeploymentPostprocessing = 0;
		};
/* End PBXFrameworksBuildPhase section */

/* Begin PBXGroup section */
		7B97EC102C5B672800947186 = {
			isa = PBXGroup;
			children = (
				7B97EC5A2C5BB43A00947186 /* ForEachBootcamp.swift */,
				7B97EC5C2C5BC3EF00947186 /* ScrollViewBootcamp.swift */,
				7B97EC5E2C5BC79A00947186 /* GridBootcamp.swift */,
				7B97EC582C5BA91000947186 /* InitializerBootcamp.swift */,
				7B97EC1B2C5B672800947186 /* SwiftUIBootcamp */,
				7B97EC2C2C5B672900947186 /* SwiftUIBootcampTests */,
				7B97EC362C5B672900947186 /* SwiftUIBootcampUITests */,
				7B97EC1A2C5B672800947186 /* Products */,
			);
			sourceTree = "<group>";
		};
		7B97EC1A2C5B672800947186 /* Products */ = {
			isa = PBXGroup;
			children = (
				7B97EC192C5B672800947186 /* SwiftUIBootcamp.app */,
				7B97EC292C5B672900947186 /* SwiftUIBootcampTests.xctest */,
				7B97EC332C5B672900947186 /* SwiftUIBootcampUITests.xctest */,
			);
			name = Products;
			sourceTree = "<group>";
		};
		7B97EC1B2C5B672800947186 /* SwiftUIBootcamp */ = {
			isa = PBXGroup;
			children = (
				7B97EC562C5BA17C00947186 /* StacksBootcamp.swift */,
				7B97EC462C5B676300947186 /* TextBootcamp.swift */,
				7B97EC482C5B699B00947186 /* ShapesBootcamp.swift */,
				7B97EC4A2C5B6C4300947186 /* ColorsBootcamp.swift */,
				7B97EC4C2C5B761E00947186 /* GradientsBootcamp.swift */,
				7B97EC4E2C5B7A3E00947186 /* IconsBootcamp.swift */,
				7B97EC502C5B7BDC00947186 /* ImageBootcamp.swift */,
				7B97EC522C5B846600947186 /* FrameBootcamp.swift */,
				7B97EC542C5B872900947186 /* BackgroundAndOverlayBootcamp.swift */,
				7B97EC1C2C5B672800947186 /* SwiftUIBootcampApp.swift */,
				7B97EC1E2C5B672800947186 /* ContentView.swift */,
				7B97EC202C5B672900947186 /* Assets.xcassets */,
				7B97EC222C5B672900947186 /* Preview Content */,
			);
			path = SwiftUIBootcamp;
			sourceTree = "<group>";
		};
		7B97EC222C5B672900947186 /* Preview Content */ = {
			isa = PBXGroup;
			children = (
				7B97EC232C5B672900947186 /* Preview Assets.xcassets */,
			);
			path = "Preview Content";
			sourceTree = "<group>";
		};
		7B97EC2C2C5B672900947186 /* SwiftUIBootcampTests */ = {
			isa = PBXGroup;
			children = (
				7B97EC2D2C5B672900947186 /* SwiftUIBootcampTests.swift */,
			);
			path = SwiftUIBootcampTests;
			sourceTree = "<group>";
		};
		7B97EC362C5B672900947186 /* SwiftUIBootcampUITests */ = {
			isa = PBXGroup;
			children = (
				7B97EC372C5B672900947186 /* SwiftUIBootcampUITests.swift */,
				7B97EC392C5B672900947186 /* SwiftUIBootcampUITestsLaunchTests.swift */,
			);
			path = SwiftUIBootcampUITests;
			sourceTree = "<group>";
		};
/* End PBXGroup section */

/* Begin PBXNativeTarget section */
		7B97EC182C5B672800947186 /* SwiftUIBootcamp */ = {
			isa = PBXNativeTarget;
			buildConfigurationList = 7B97EC3D2C5B672900947186 /* Build configuration list for PBXNativeTarget "SwiftUIBootcamp" */;
			buildPhases = (
				7B97EC152C5B672800947186 /* Sources */,
				7B97EC162C5B672800947186 /* Frameworks */,
				7B97EC172C5B672800947186 /* Resources */,
			);
			buildRules = (
			);
			dependencies = (
			);
			name = SwiftUIBootcamp;
			productName = SwiftUIBootcamp;
			productReference = 7B97EC192C5B672800947186 /* SwiftUIBootcamp.app */;
			productType = "com.apple.product-type.application";
		};
		7B97EC282C5B672900947186 /* SwiftUIBootcampTests */ = {
			isa = PBXNativeTarget;
			buildConfigurationList = 7B97EC402C5B672900947186 /* Build configuration list for PBXNativeTarget "SwiftUIBootcampTests" */;
			buildPhases = (
				7B97EC252C5B672900947186 /* Sources */,
				7B97EC262C5B672900947186 /* Frameworks */,
				7B97EC272C5B672900947186 /* Resources */,
			);
			buildRules = (
			);
			dependencies = (
				7B97EC2B2C5B672900947186 /* PBXTargetDependency */,
			);
			name = SwiftUIBootcampTests;
			productName = SwiftUIBootcampTests;
			productReference = 7B97EC292C5B672900947186 /* SwiftUIBootcampTests.xctest */;
			productType = "com.apple.product-type.bundle.unit-test";
		};
		7B97EC322C5B672900947186 /* SwiftUIBootcampUITests */ = {
			isa = PBXNativeTarget;
			buildConfigurationList = 7B97EC432C5B672900947186 /* Build configuration list for PBXNativeTarget "SwiftUIBootcampUITests" */;
			buildPhases = (
				7B97EC2F2C5B672900947186 /* Sources */,
				7B97EC302C5B672900947186 /* Frameworks */,
				7B97EC312C5B672900947186 /* Resources */,
			);
			buildRules = (
			);
			dependencies = (
				7B97EC352C5B672900947186 /* PBXTargetDependency */,
			);
			name = SwiftUIBootcampUITests;
			productName = SwiftUIBootcampUITests;
			productReference = 7B97EC332C5B672900947186 /* SwiftUIBootcampUITests.xctest */;
			productType = "com.apple.product-type.bundle.ui-testing";
		};
/* End PBXNativeTarget section */

/* Begin PBXProject section */
		7B97EC112C5B672800947186 /* Project object */ = {
			isa = PBXProject;
			attributes = {
				BuildIndependentTargetsInParallel = 1;
				LastSwiftUpdateCheck = 1540;
				LastUpgradeCheck = 1540;
				TargetAttributes = {
					7B97EC182C5B672800947186 = {
						CreatedOnToolsVersion = 15.4;
					};
					7B97EC282C5B672900947186 = {
						CreatedOnToolsVersion = 15.4;
						TestTargetID = 7B97EC182C5B672800947186;
					};
					7B97EC322C5B672900947186 = {
						CreatedOnToolsVersion = 15.4;
						TestTargetID = 7B97EC182C5B672800947186;
					};
				};
			};
			buildConfigurationList = 7B97EC142C5B672800947186 /* Build configuration list for PBXProject "SwiftUIBootcamp" */;
			compatibilityVersion = "Xcode 14.0";
			developmentRegion = en;
			hasScannedForEncodings = 0;
			knownRegions = (
				en,
				Base,
			);
			mainGroup = 7B97EC102C5B672800947186;
			productRefGroup = 7B97EC1A2C5B672800947186 /* Products */;
			projectDirPath = "";
			projectRoot = "";
			targets = (
				7B97EC182C5B672800947186 /* SwiftUIBootcamp */,
				7B97EC282C5B672900947186 /* SwiftUIBootcampTests */,
				7B97EC322C5B672900947186 /* SwiftUIBootcampUITests */,
			);
		};
/* End PBXProject section */

/* Begin PBXResourcesBuildPhase section */
		7B97EC172C5B672800947186 /* Resources */ = {
			isa = PBXResourcesBuildPhase;
			buildActionMask = 2147483647;
			files = (
				7B97EC242C5B672900947186 /* Preview Assets.xcassets in Resources */,
				7B97EC212C5B672900947186 /* Assets.xcassets in Resources */,
			);
			runOnlyForDeploymentPostprocessing = 0;
		};
		7B97EC272C5B672900947186 /* Resources */ = {
			isa = PBXResourcesBuildPhase;
			buildActionMask = 2147483647;
			files = (
			);
			runOnlyForDeploymentPostprocessing = 0;
		};
		7B97EC312C5B672900947186 /* Resources */ = {
			isa = PBXResourcesBuildPhase;
			buildActionMask = 2147483647;
			files = (
			);
			runOnlyForDeploymentPostprocessing = 0;
		};
/* End PBXResourcesBuildPhase section */

/* Begin PBXSourcesBuildPhase section */
		7B97EC152C5B672800947186 /* Sources */ = {
			isa = PBXSourcesBuildPhase;
			buildActionMask = 2147483647;
			files = (
				7B97EC4D2C5B761E00947186 /* GradientsBootcamp.swift in Sources */,
				7B97EC592C5BA91000947186 /* InitializerBootcamp.swift in Sources */,
				7B97EC552C5B872900947186 /* BackgroundAndOverlayBootcamp.swift in Sources */,
				7B97EC4B2C5B6C4300947186 /* ColorsBootcamp.swift in Sources */,
				7B97EC5D2C5BC3EF00947186 /* ScrollViewBootcamp.swift in Sources */,
				7B97EC532C5B846600947186 /* FrameBootcamp.swift in Sources */,
				7B97EC492C5B699B00947186 /* ShapesBootcamp.swift in Sources */,
				7B97EC5B2C5BB43A00947186 /* ForEachBootcamp.swift in Sources */,
				7B97EC1F2C5B672800947186 /* ContentView.swift in Sources */,
				7B97EC472C5B676300947186 /* TextBootcamp.swift in Sources */,
				7B97EC5F2C5BC79A00947186 /* GridBootcamp.swift in Sources */,
				7B97EC1D2C5B672800947186 /* SwiftUIBootcampApp.swift in Sources */,
				7B97EC572C5BA17C00947186 /* StacksBootcamp.swift in Sources */,
				7B97EC512C5B7BDC00947186 /* ImageBootcamp.swift in Sources */,
				7B97EC4F2C5B7A3E00947186 /* IconsBootcamp.swift in Sources */,
			);
			runOnlyForDeploymentPostprocessing = 0;
		};
		7B97EC252C5B672900947186 /* Sources */ = {
			isa = PBXSourcesBuildPhase;
			buildActionMask = 2147483647;
			files = (
				7B97EC2E2C5B672900947186 /* SwiftUIBootcampTests.swift in Sources */,
			);
			runOnlyForDeploymentPostprocessing = 0;
		};
		7B97EC2F2C5B672900947186 /* Sources */ = {
			isa = PBXSourcesBuildPhase;
			buildActionMask = 2147483647;
			files = (
				7B97EC382C5B672900947186 /* SwiftUIBootcampUITests.swift in Sources */,
				7B97EC3A2C5B672900947186 /* SwiftUIBootcampUITestsLaunchTests.swift in Sources */,
			);
			runOnlyForDeploymentPostprocessing = 0;
		};
/* End PBXSourcesBuildPhase section */

/* Begin PBXTargetDependency section */
		7B97EC2B2C5B672900947186 /* PBXTargetDependency */ = {
			isa = PBXTargetDependency;
			target = 7B97EC182C5B672800947186 /* SwiftUIBootcamp */;
			targetProxy = 7B97EC2A2C5B672900947186 /* PBXContainerItemProxy */;
		};
		7B97EC352C5B672900947186 /* PBXTargetDependency */ = {
			isa = PBXTargetDependency;
			target = 7B97EC182C5B672800947186 /* SwiftUIBootcamp */;
			targetProxy = 7B97EC342C5B672900947186 /* PBXContainerItemProxy */;
		};
/* End PBXTargetDependency section */

/* Begin XCBuildConfiguration section */
		7B97EC3B2C5B672900947186 /* Debug */ = {
			isa = XCBuildConfiguration;
			buildSettings = {
				ALWAYS_SEARCH_USER_PATHS = NO;
				ASSETCATALOG_COMPILER_GENERATE_SWIFT_ASSET_SYMBOL_EXTENSIONS = YES;
				CLANG_ANALYZER_NONNULL = YES;
				CLANG_ANALYZER_NUMBER_OBJECT_CONVERSION = YES_AGGRESSIVE;
				CLANG_CXX_LANGUAGE_STANDARD = "gnu++20";
				CLANG_ENABLE_MODULES = YES;
				CLANG_ENABLE_OBJC_ARC = YES;
				CLANG_ENABLE_OBJC_WEAK = YES;
				CLANG_WARN_BLOCK_CAPTURE_AUTORELEASING = YES;
				CLANG_WARN_BOOL_CONVERSION = YES;
				CLANG_WARN_COMMA = YES;
				CLANG_WARN_CONSTANT_CONVERSION = YES;
				CLANG_WARN_DEPRECATED_OBJC_IMPLEMENTATIONS = YES;
				CLANG_WARN_DIRECT_OBJC_ISA_USAGE = YES_ERROR;
				CLANG_WARN_DOCUMENTATION_COMMENTS = YES;
				CLANG_WARN_EMPTY_BODY = YES;
				CLANG_WARN_ENUM_CONVERSION = YES;
				CLANG_WARN_INFINITE_RECURSION = YES;
				CLANG_WARN_INT_CONVERSION = YES;
				CLANG_WARN_NON_LITERAL_NULL_CONVERSION = YES;
				CLANG_WARN_OBJC_IMPLICIT_RETAIN_SELF = YES;
				CLANG_WARN_OBJC_LITERAL_CONVERSION = YES;
				CLANG_WARN_OBJC_ROOT_CLASS = YES_ERROR;
				CLANG_WARN_QUOTED_INCLUDE_IN_FRAMEWORK_HEADER = YES;
				CLANG_WARN_RANGE_LOOP_ANALYSIS = YES;
				CLANG_WARN_STRICT_PROTOTYPES = YES;
				CLANG_WARN_SUSPICIOUS_MOVE = YES;
				CLANG_WARN_UNGUARDED_AVAILABILITY = YES_AGGRESSIVE;
				CLANG_WARN_UNREACHABLE_CODE = YES;
				CLANG_WARN__DUPLICATE_METHOD_MATCH = YES;
				COPY_PHASE_STRIP = NO;
				DEBUG_INFORMATION_FORMAT = dwarf;
				ENABLE_STRICT_OBJC_MSGSEND = YES;
				ENABLE_TESTABILITY = YES;
				ENABLE_USER_SCRIPT_SANDBOXING = YES;
				GCC_C_LANGUAGE_STANDARD = gnu17;
				GCC_DYNAMIC_NO_PIC = NO;
				GCC_NO_COMMON_BLOCKS = YES;
				GCC_OPTIMIZATION_LEVEL = 0;
				GCC_PREPROCESSOR_DEFINITIONS = (
					"DEBUG=1",
					"$(inherited)",
				);
				GCC_WARN_64_TO_32_BIT_CONVERSION = YES;
				GCC_WARN_ABOUT_RETURN_TYPE = YES_ERROR;
				GCC_WARN_UNDECLARED_SELECTOR = YES;
				GCC_WARN_UNINITIALIZED_AUTOS = YES_AGGRESSIVE;
				GCC_WARN_UNUSED_FUNCTION = YES;
				GCC_WARN_UNUSED_VARIABLE = YES;
				IPHONEOS_DEPLOYMENT_TARGET = 17.5;
				LOCALIZATION_PREFERS_STRING_CATALOGS = YES;
				MTL_ENABLE_DEBUG_INFO = INCLUDE_SOURCE;
				MTL_FAST_MATH = YES;
				ONLY_ACTIVE_ARCH = YES;
				SDKROOT = iphoneos;
				SWIFT_ACTIVE_COMPILATION_CONDITIONS = "DEBUG $(inherited)";
				SWIFT_OPTIMIZATION_LEVEL = "-Onone";
			};
			name = Debug;
		};
		7B97EC3C2C5B672900947186 /* Release */ = {
			isa = XCBuildConfiguration;
			buildSettings = {
				ALWAYS_SEARCH_USER_PATHS = NO;
				ASSETCATALOG_COMPILER_GENERATE_SWIFT_ASSET_SYMBOL_EXTENSIONS = YES;
				CLANG_ANALYZER_NONNULL = YES;
				CLANG_ANALYZER_NUMBER_OBJECT_CONVERSION = YES_AGGRESSIVE;
				CLANG_CXX_LANGUAGE_STANDARD = "gnu++20";
				CLANG_ENABLE_MODULES = YES;
				CLANG_ENABLE_OBJC_ARC = YES;
				CLANG_ENABLE_OBJC_WEAK = YES;
				CLANG_WARN_BLOCK_CAPTURE_AUTORELEASING = YES;
				CLANG_WARN_BOOL_CONVERSION = YES;
				CLANG_WARN_COMMA = YES;
				CLANG_WARN_CONSTANT_CONVERSION = YES;
				CLANG_WARN_DEPRECATED_OBJC_IMPLEMENTATIONS = YES;
				CLANG_WARN_DIRECT_OBJC_ISA_USAGE = YES_ERROR;
				CLANG_WARN_DOCUMENTATION_COMMENTS = YES;
				CLANG_WARN_EMPTY_BODY = YES;
				CLANG_WARN_ENUM_CONVERSION = YES;
				CLANG_WARN_INFINITE_RECURSION = YES;
				CLANG_WARN_INT_CONVERSION = YES;
				CLANG_WARN_NON_LITERAL_NULL_CONVERSION = YES;
				CLANG_WARN_OBJC_IMPLICIT_RETAIN_SELF = YES;
				CLANG_WARN_OBJC_LITERAL_CONVERSION = YES;
				CLANG_WARN_OBJC_ROOT_CLASS = YES_ERROR;
				CLANG_WARN_QUOTED_INCLUDE_IN_FRAMEWORK_HEADER = YES;
				CLANG_WARN_RANGE_LOOP_ANALYSIS = YES;
				CLANG_WARN_STRICT_PROTOTYPES = YES;
				CLANG_WARN_SUSPICIOUS_MOVE = YES;
				CLANG_WARN_UNGUARDED_AVAILABILITY = YES_AGGRESSIVE;
				CLANG_WARN_UNREACHABLE_CODE = YES;
				CLANG_WARN__DUPLICATE_METHOD_MATCH = YES;
				COPY_PHASE_STRIP = NO;
				DEBUG_INFORMATION_FORMAT = "dwarf-with-dsym";
				ENABLE_NS_ASSERTIONS = NO;
				ENABLE_STRICT_OBJC_MSGSEND = YES;
				ENABLE_USER_SCRIPT_SANDBOXING = YES;
				GCC_C_LANGUAGE_STANDARD = gnu17;
				GCC_NO_COMMON_BLOCKS = YES;
				GCC_WARN_64_TO_32_BIT_CONVERSION = YES;
				GCC_WARN_ABOUT_RETURN_TYPE = YES_ERROR;
				GCC_WARN_UNDECLARED_SELECTOR = YES;
				GCC_WARN_UNINITIALIZED_AUTOS = YES_AGGRESSIVE;
				GCC_WARN_UNUSED_FUNCTION = YES;
				GCC_WARN_UNUSED_VARIABLE = YES;
				IPHONEOS_DEPLOYMENT_TARGET = 17.5;
				LOCALIZATION_PREFERS_STRING_CATALOGS = YES;
				MTL_ENABLE_DEBUG_INFO = NO;
				MTL_FAST_MATH = YES;
				SDKROOT = iphoneos;
				SWIFT_COMPILATION_MODE = wholemodule;
				VALIDATE_PRODUCT = YES;
			};
			name = Release;
		};
		7B97EC3E2C5B672900947186 /* Debug */ = {
			isa = XCBuildConfiguration;
			buildSettings = {
				ASSETCATALOG_COMPILER_APPICON_NAME = AppIcon;
				ASSETCATALOG_COMPILER_GLOBAL_ACCENT_COLOR_NAME = AccentColor;
				CODE_SIGN_STYLE = Automatic;
				CURRENT_PROJECT_VERSION = 1;
				DEVELOPMENT_ASSET_PATHS = "\"SwiftUIBootcamp/Preview Content\"";
				DEVELOPMENT_TEAM = R856AKRHUX;
				ENABLE_PREVIEWS = YES;
				GENERATE_INFOPLIST_FILE = YES;
				INFOPLIST_KEY_UIApplicationSceneManifest_Generation = YES;
				INFOPLIST_KEY_UIApplicationSupportsIndirectInputEvents = YES;
				INFOPLIST_KEY_UILaunchScreen_Generation = YES;
				INFOPLIST_KEY_UISupportedInterfaceOrientations_iPad = "UIInterfaceOrientationPortrait UIInterfaceOrientationPortraitUpsideDown UIInterfaceOrientationLandscapeLeft UIInterfaceOrientationLandscapeRight";
				INFOPLIST_KEY_UISupportedInterfaceOrientations_iPhone = "UIInterfaceOrientationPortrait UIInterfaceOrientationLandscapeLeft UIInterfaceOrientationLandscapeRight";
				LD_RUNPATH_SEARCH_PATHS = (
					"$(inherited)",
					"@executable_path/Frameworks",
				);
				MARKETING_VERSION = 1.0;
				PRODUCT_BUNDLE_IDENTIFIER = com.unal.eren.SwiftUIBootcamp;
				PRODUCT_NAME = "$(TARGET_NAME)";
				SWIFT_EMIT_LOC_STRINGS = YES;
				SWIFT_VERSION = 5.0;
				TARGETED_DEVICE_FAMILY = "1,2";
			};
			name = Debug;
		};
		7B97EC3F2C5B672900947186 /* Release */ = {
			isa = XCBuildConfiguration;
			buildSettings = {
				ASSETCATALOG_COMPILER_APPICON_NAME = AppIcon;
				ASSETCATALOG_COMPILER_GLOBAL_ACCENT_COLOR_NAME = AccentColor;
				CODE_SIGN_STYLE = Automatic;
				CURRENT_PROJECT_VERSION = 1;
				DEVELOPMENT_ASSET_PATHS = "\"SwiftUIBootcamp/Preview Content\"";
				DEVELOPMENT_TEAM = R856AKRHUX;
				ENABLE_PREVIEWS = YES;
				GENERATE_INFOPLIST_FILE = YES;
				INFOPLIST_KEY_UIApplicationSceneManifest_Generation = YES;
				INFOPLIST_KEY_UIApplicationSupportsIndirectInputEvents = YES;
				INFOPLIST_KEY_UILaunchScreen_Generation = YES;
				INFOPLIST_KEY_UISupportedInterfaceOrientations_iPad = "UIInterfaceOrientationPortrait UIInterfaceOrientationPortraitUpsideDown UIInterfaceOrientationLandscapeLeft UIInterfaceOrientationLandscapeRight";
				INFOPLIST_KEY_UISupportedInterfaceOrientations_iPhone = "UIInterfaceOrientationPortrait UIInterfaceOrientationLandscapeLeft UIInterfaceOrientationLandscapeRight";
				LD_RUNPATH_SEARCH_PATHS = (
					"$(inherited)",
					"@executable_path/Frameworks",
				);
				MARKETING_VERSION = 1.0;
				PRODUCT_BUNDLE_IDENTIFIER = com.unal.eren.SwiftUIBootcamp;
				PRODUCT_NAME = "$(TARGET_NAME)";
				SWIFT_EMIT_LOC_STRINGS = YES;
				SWIFT_VERSION = 5.0;
				TARGETED_DEVICE_FAMILY = "1,2";
			};
			name = Release;
		};
		7B97EC412C5B672900947186 /* Debug */ = {
			isa = XCBuildConfiguration;
			buildSettings = {
				ALWAYS_EMBED_SWIFT_STANDARD_LIBRARIES = YES;
				BUNDLE_LOADER = "$(TEST_HOST)";
				CODE_SIGN_STYLE = Automatic;
				CURRENT_PROJECT_VERSION = 1;
				DEVELOPMENT_TEAM = R856AKRHUX;
				GENERATE_INFOPLIST_FILE = YES;
				IPHONEOS_DEPLOYMENT_TARGET = 17.5;
				MARKETING_VERSION = 1.0;
				PRODUCT_BUNDLE_IDENTIFIER = com.unal.eren.SwiftUIBootcampTests;
				PRODUCT_NAME = "$(TARGET_NAME)";
				SWIFT_EMIT_LOC_STRINGS = NO;
				SWIFT_VERSION = 5.0;
				TARGETED_DEVICE_FAMILY = "1,2";
				TEST_HOST = "$(BUILT_PRODUCTS_DIR)/SwiftUIBootcamp.app/$(BUNDLE_EXECUTABLE_FOLDER_PATH)/SwiftUIBootcamp";
			};
			name = Debug;
		};
		7B97EC422C5B672900947186 /* Release */ = {
			isa = XCBuildConfiguration;
			buildSettings = {
				ALWAYS_EMBED_SWIFT_STANDARD_LIBRARIES = YES;
				BUNDLE_LOADER = "$(TEST_HOST)";
				CODE_SIGN_STYLE = Automatic;
				CURRENT_PROJECT_VERSION = 1;
				DEVELOPMENT_TEAM = R856AKRHUX;
				GENERATE_INFOPLIST_FILE = YES;
				IPHONEOS_DEPLOYMENT_TARGET = 17.5;
				MARKETING_VERSION = 1.0;
				PRODUCT_BUNDLE_IDENTIFIER = com.unal.eren.SwiftUIBootcampTests;
				PRODUCT_NAME = "$(TARGET_NAME)";
				SWIFT_EMIT_LOC_STRINGS = NO;
				SWIFT_VERSION = 5.0;
				TARGETED_DEVICE_FAMILY = "1,2";
				TEST_HOST = "$(BUILT_PRODUCTS_DIR)/SwiftUIBootcamp.app/$(BUNDLE_EXECUTABLE_FOLDER_PATH)/SwiftUIBootcamp";
			};
			name = Release;
		};
		7B97EC442C5B672900947186 /* Debug */ = {
			isa = XCBuildConfiguration;
			buildSettings = {
				ALWAYS_EMBED_SWIFT_STANDARD_LIBRARIES = YES;
				CODE_SIGN_STYLE = Automatic;
				CURRENT_PROJECT_VERSION = 1;
				DEVELOPMENT_TEAM = R856AKRHUX;
				GENERATE_INFOPLIST_FILE = YES;
				MARKETING_VERSION = 1.0;
				PRODUCT_BUNDLE_IDENTIFIER = com.unal.eren.SwiftUIBootcampUITests;
				PRODUCT_NAME = "$(TARGET_NAME)";
				SWIFT_EMIT_LOC_STRINGS = NO;
				SWIFT_VERSION = 5.0;
				TARGETED_DEVICE_FAMILY = "1,2";
				TEST_TARGET_NAME = SwiftUIBootcamp;
			};
			name = Debug;
		};
		7B97EC452C5B672900947186 /* Release */ = {
			isa = XCBuildConfiguration;
			buildSettings = {
				ALWAYS_EMBED_SWIFT_STANDARD_LIBRARIES = YES;
				CODE_SIGN_STYLE = Automatic;
				CURRENT_PROJECT_VERSION = 1;
				DEVELOPMENT_TEAM = R856AKRHUX;
				GENERATE_INFOPLIST_FILE = YES;
				MARKETING_VERSION = 1.0;
				PRODUCT_BUNDLE_IDENTIFIER = com.unal.eren.SwiftUIBootcampUITests;
				PRODUCT_NAME = "$(TARGET_NAME)";
				SWIFT_EMIT_LOC_STRINGS = NO;
				SWIFT_VERSION = 5.0;
				TARGETED_DEVICE_FAMILY = "1,2";
				TEST_TARGET_NAME = SwiftUIBootcamp;
			};
			name = Release;
		};
/* End XCBuildConfiguration section */

/* Begin XCConfigurationList section */
		7B97EC142C5B672800947186 /* Build configuration list for PBXProject "SwiftUIBootcamp" */ = {
			isa = XCConfigurationList;
			buildConfigurations = (
				7B97EC3B2C5B672900947186 /* Debug */,
				7B97EC3C2C5B672900947186 /* Release */,
			);
			defaultConfigurationIsVisible = 0;
			defaultConfigurationName = Release;
		};
		7B97EC3D2C5B672900947186 /* Build configuration list for PBXNativeTarget "SwiftUIBootcamp" */ = {
			isa = XCConfigurationList;
			buildConfigurations = (
				7B97EC3E2C5B672900947186 /* Debug */,
				7B97EC3F2C5B672900947186 /* Release */,
			);
			defaultConfigurationIsVisible = 0;
			defaultConfigurationName = Release;
		};
		7B97EC402C5B672900947186 /* Build configuration list for PBXNativeTarget "SwiftUIBootcampTests" */ = {
			isa = XCConfigurationList;
			buildConfigurations = (
				7B97EC412C5B672900947186 /* Debug */,
				7B97EC422C5B672900947186 /* Release */,
			);
			defaultConfigurationIsVisible = 0;
			defaultConfigurationName = Release;
		};
		7B97EC432C5B672900947186 /* Build configuration list for PBXNativeTarget "SwiftUIBootcampUITests" */ = {
			isa = XCConfigurationList;
			buildConfigurations = (
				7B97EC442C5B672900947186 /* Debug */,
				7B97EC452C5B672900947186 /* Release */,
			);
			defaultConfigurationIsVisible = 0;
			defaultConfigurationName = Release;
		};
/* End XCConfigurationList section */
	};
	rootObject = 7B97EC112C5B672800947186 /* Project object */;
}
